
Microsoft Visual Studio Solution File, Format Version 12.00
# Visual Studio Version 16
VisualStudioVersion = 16.0.32428.249
MinimumVisualStudioVersion = 10.0.40219.1
Project("{FAE04EC0-301F-11D3-BF4B-00C04F79EFBC}") = "WebAppForDemos", "WebAppForDemos.csproj", "{72BAAC5D-9004-4A19-8B4D-A38B27CAA3D8}"
EndProject
Global
	GlobalSection(SolutionConfigurationPlatforms) = preSolution
		Debug|Any CPU = Debug|Any CPU
		Release|Any CPU = Release|Any CPU
	EndGlobalSection
	GlobalSection(ProjectConfigurationPlatforms) = postSolution
		{72BAAC5D-9004-4A19-8B4D-A38B27CAA3D8}.Debug|Any CPU.ActiveCfg = Debug|Any CPU
		{72BAAC5D-9004-4A19-8B4D-A38B27CAA3D8}.Debug|Any CPU.Build.0 = Debug|Any CPU
		{72BAAC5D-9004-4A19-8B4D-A38B27CAA3D8}.Release|Any CPU.ActiveCfg = Release|Any CPU
		{72BAAC5D-9004-4A19-8B4D-A38B27CAA3D8}.Release|Any CPU.Build.0 = Release|Any CPU
	EndGlobalSection
	GlobalSection(SolutionProperties) = preSolution
		HideSolutionNode = FALSE
	EndGlobalSection
	GlobalSection(ExtensibilityGlobals) = postSolution
		SolutionGuid = {0C665D23-F435-45E1-8615-30A64353E8A1}
	EndGlobalSection
EndGlobal
